
Microsoft Visual Studio Solution File, Format Version 12.00
# Visual Studio Version 17
VisualStudioVersion = 17.12.35707.178 d17.12
MinimumVisualStudioVersion = 10.0.40219.1
Project("{FAE04EC0-301F-11D3-BF4B-00C04F79EFBC}") = "RestaurantServer.API", "RestaurantServer.API\RestaurantServer.API.csproj", "{241575A2-62EB-4DE2-8632-8246CBC86CCE}"
EndProject
Global
	GlobalSection(SolutionConfigurationPlatforms) = preSolution
		Debug|Any CPU = Debug|Any CPU
		Release|Any CPU = Release|Any CPU
	EndGlobalSection
	GlobalSection(ProjectConfigurationPlatforms) = postSolution
		{241575A2-62EB-4DE2-8632-8246CBC86CCE}.Debug|Any CPU.ActiveCfg = Debug|Any CPU
		{241575A2-62EB-4DE2-8632-8246CBC86CCE}.Debug|Any CPU.Build.0 = Debug|Any CPU
		{241575A2-62EB-4DE2-8632-8246CBC86CCE}.Release|Any CPU.ActiveCfg = Release|Any CPU
		{241575A2-62EB-4DE2-8632-8246CBC86CCE}.Release|Any CPU.Build.0 = Release|Any CPU
	EndGlobalSection
	GlobalSection(SolutionProperties) = preSolution
		HideSolutionNode = FALSE
	EndGlobalSection
EndGlobal
